
Microsoft Visual Studio Solution File, Format Version 12.00
# Visual Studio Version 16
VisualStudioVersion = 16.0.29306.81
MinimumVisualStudioVersion = 10.0.40219.1
Project("{FAE04EC0-301F-11D3-BF4B-00C04F79EFBC}") = "3semProjekt", "3semProjekt\3semProjekt.csproj", "{C57F6889-1F4B-469E-9326-8943F34D6CA0}"
EndProject
Global
	GlobalSection(SolutionConfigurationPlatforms) = preSolution
		Debug|Any CPU = Debug|Any CPU
		Release|Any CPU = Release|Any CPU
	EndGlobalSection
	GlobalSection(ProjectConfigurationPlatforms) = postSolution
		{C57F6889-1F4B-469E-9326-8943F34D6CA0}.Debug|Any CPU.ActiveCfg = Debug|Any CPU
		{C57F6889-1F4B-469E-9326-8943F34D6CA0}.Debug|Any CPU.Build.0 = Debug|Any CPU
		{C57F6889-1F4B-469E-9326-8943F34D6CA0}.Release|Any CPU.ActiveCfg = Release|Any CPU
		{C57F6889-1F4B-469E-9326-8943F34D6CA0}.Release|Any CPU.Build.0 = Release|Any CPU
	EndGlobalSection
	GlobalSection(SolutionProperties) = preSolution
		HideSolutionNode = FALSE
	EndGlobalSection
	GlobalSection(ExtensibilityGlobals) = postSolution
		SolutionGuid = {DA9F8A50-2BF0-4764-9DC5-80F71527D7F2}
	EndGlobalSection
EndGlobal
