
Microsoft Visual Studio Solution File, Format Version 12.00
# Visual Studio Version 16
VisualStudioVersion = 16.0.29306.81
MinimumVisualStudioVersion = 10.0.40219.1
Project("{9A19103F-16F7-4668-BE54-9A1E7A4F7556}") = "3semProjekt", "..\..\..\OneDrive\Skrivebord\JakKriKasMia1\3semProjekt\3semProjekt.csproj", "{FF5A0F2F-28CB-40E0-814E-30E3A53E1E53}"
EndProject
Global
	GlobalSection(SolutionConfigurationPlatforms) = preSolution
		Debug|Any CPU = Debug|Any CPU
		Release|Any CPU = Release|Any CPU
	EndGlobalSection
	GlobalSection(ProjectConfigurationPlatforms) = postSolution
		{FF5A0F2F-28CB-40E0-814E-30E3A53E1E53}.Debug|Any CPU.ActiveCfg = Debug|Any CPU
		{FF5A0F2F-28CB-40E0-814E-30E3A53E1E53}.Debug|Any CPU.Build.0 = Debug|Any CPU
		{FF5A0F2F-28CB-40E0-814E-30E3A53E1E53}.Release|Any CPU.ActiveCfg = Release|Any CPU
		{FF5A0F2F-28CB-40E0-814E-30E3A53E1E53}.Release|Any CPU.Build.0 = Release|Any CPU
	EndGlobalSection
	GlobalSection(SolutionProperties) = preSolution
		HideSolutionNode = FALSE
	EndGlobalSection
	GlobalSection(ExtensibilityGlobals) = postSolution
		SolutionGuid = {DA9F8A50-2BF0-4764-9DC5-80F71527D7F2}
	EndGlobalSection
EndGlobal
